[{<<"amqp_client">>,
  {git,"https://github.com/jbrisbin/amqp_client.git",
       {ref,"d50aec00b94f0766a048b4eceaf25ddfdeeb1d86"}},
  0},
 {<<"erlexec">>,
  {git,"https://github.com/saleyn/erlexec.git",
       {ref,"382a3a07e05fcc8f879826b0aee22de4320c008a"}},
  0},
 {<<"ibrowse">>,
  {git,"https://github.com/cmullaparthi/ibrowse.git",
       {ref,"22d6fd6baa6e83633aa2923f41589945c1d2dc2f"}},
  0},
 {<<"rabbit_common">>,
  {git,"https://github.com/jbrisbin/rabbit_common.git",
       {ref,"80814606ae23cc820c74e443383e192cd69ec030"}},
  1}].
